
Microsoft Visual Studio Solution File, Format Version 12.00
# Visual Studio 15
VisualStudioVersion = 15.0.27004.2009
MinimumVisualStudioVersion = 10.0.40219.1
Project("{FAE04EC0-301F-11D3-BF4B-00C04F79EFBC}") = "BraceValidator", "BraceValidator.csproj", "{CF3EFD5F-4DFA-4C47-B939-B2D87FBD8712}"
EndProject
Global
	GlobalSection(SolutionConfigurationPlatforms) = preSolution
		Debug|Any CPU = Debug|Any CPU
		Release|Any CPU = Release|Any CPU
	EndGlobalSection
	GlobalSection(ProjectConfigurationPlatforms) = postSolution
		{CF3EFD5F-4DFA-4C47-B939-B2D87FBD8712}.Debug|Any CPU.ActiveCfg = Debug|Any CPU
		{CF3EFD5F-4DFA-4C47-B939-B2D87FBD8712}.Debug|Any CPU.Build.0 = Debug|Any CPU
		{CF3EFD5F-4DFA-4C47-B939-B2D87FBD8712}.Release|Any CPU.ActiveCfg = Release|Any CPU
		{CF3EFD5F-4DFA-4C47-B939-B2D87FBD8712}.Release|Any CPU.Build.0 = Release|Any CPU
	EndGlobalSection
	GlobalSection(SolutionProperties) = preSolution
		HideSolutionNode = FALSE
	EndGlobalSection
	GlobalSection(ExtensibilityGlobals) = postSolution
		SolutionGuid = {23AD29EF-7607-4F1E-8327-1B8F8154A98B}
	EndGlobalSection
EndGlobal
